
Microsoft Visual Studio Solution File, Format Version 12.00
# Visual Studio 2012
Project("{8BC9CEB8-8B4A-11D0-8D11-00A0C91BC942}") = "SetSoundcard", "SetVolumeBalance\SetVolumeBalance.vcxproj", "{747B5865-DC1F-4935-9A9F-7FA60F185022}"
EndProject
Global
	GlobalSection(SolutionConfigurationPlatforms) = preSolution
		Debug|Win32 = Debug|Win32
		Release|Win32 = Release|Win32
	EndGlobalSection
	GlobalSection(ProjectConfigurationPlatforms) = postSolution
		{747B5865-DC1F-4935-9A9F-7FA60F185022}.Debug|Win32.ActiveCfg = Debug|Win32
		{747B5865-DC1F-4935-9A9F-7FA60F185022}.Debug|Win32.Build.0 = Debug|Win32
		{747B5865-DC1F-4935-9A9F-7FA60F185022}.Release|Win32.ActiveCfg = Release|Win32
		{747B5865-DC1F-4935-9A9F-7FA60F185022}.Release|Win32.Build.0 = Release|Win32
	EndGlobalSection
	GlobalSection(SolutionProperties) = preSolution
		HideSolutionNode = FALSE
	EndGlobalSection
EndGlobal
